
Microsoft Visual Studio Solution File, Format Version 12.00
# Visual Studio Version 17
VisualStudioVersion = 17.14.36804.6 d17.14
MinimumVisualStudioVersion = 10.0.40219.1
Project("{FAE04EC0-301F-11D3-BF4B-00C04F79EFBC}") = "Project_Class", "Project_Class\Project_Class.csproj", "{EC044493-05D7-48DE-BEA1-A6DDDC047D4A}"
EndProject
Global
	GlobalSection(SolutionConfigurationPlatforms) = preSolution
		Debug|Any CPU = Debug|Any CPU
		Release|Any CPU = Release|Any CPU
	EndGlobalSection
	GlobalSection(ProjectConfigurationPlatforms) = postSolution
		{EC044493-05D7-48DE-BEA1-A6DDDC047D4A}.Debug|Any CPU.ActiveCfg = Debug|Any CPU
		{EC044493-05D7-48DE-BEA1-A6DDDC047D4A}.Debug|Any CPU.Build.0 = Debug|Any CPU
		{EC044493-05D7-48DE-BEA1-A6DDDC047D4A}.Release|Any CPU.ActiveCfg = Release|Any CPU
		{EC044493-05D7-48DE-BEA1-A6DDDC047D4A}.Release|Any CPU.Build.0 = Release|Any CPU
	EndGlobalSection
	GlobalSection(SolutionProperties) = preSolution
		HideSolutionNode = FALSE
	EndGlobalSection
	GlobalSection(ExtensibilityGlobals) = postSolution
		SolutionGuid = {D11D0680-C55F-4A83-BA5E-AD973ABAD42E}
	EndGlobalSection
EndGlobal
